# THIS IS AN AUTOGENERATED FILE. DO NOT EDIT THIS FILE DIRECTLY.
# yarn lockfile v1


"js-tokens@^3.0.0 || ^4.0.0":
  version "4.0.0"
  resolved "https://registry.npm.taobao.org/js-tokens/download/js-tokens-4.0.0.tgz#19203fb59991df98e3a287050d4647cdeaf32499"
  integrity sha1-GSA/tZmR35jjoocFDUZHzerzJJk=

loose-envify@^1.1.0, loose-envify@^1.4.0:
  version "1.4.0"
  resolved "https://registry.npm.taobao.org/loose-envify/download/loose-envify-1.4.0.tgz#71ee51fa7be4caec1a63839f7e682d8132d30caf"
  integrity sha1-ce5R+nvkyuwaY4OffmgtgTLTDK8=
  dependencies:
    js-tokens "^3.0.0 || ^4.0.0"

object-assign@^4.1.1:
  version "4.1.1"
  resolved "https://registry.npm.taobao.org/object-assign/download/object-assign-4.1.1.tgz?cache=0&sync_timestamp=1571657171505&other_urls=https%3A%2F%2Fregistry.npm.taobao.org%2Fobject-assign%2Fdownload%2Fobject-assign-4.1.1.tgz#2109adc7965887cfc05cbbd442cac8bfbb360863"
  integrity sha1-IQmtx5ZYh8/AXLvUQsrIv7s2CGM=

prop-types@^15.6.2, prop-types@^15.7.2:
  version "15.7.2"
  resolved "https://registry.npm.taobao.org/prop-types/download/prop-types-15.7.2.tgz#52c41e75b8c87e72b9d9360e0206b99dcbffa6c5"
  integrity sha1-UsQedbjIfnK52TYOAga5ncv/psU=
  dependencies:
    loose-envify "^1.4.0"
    object-assign "^4.1.1"
    react-is "^16.8.1"

react-dom@^16.13.0:
  version "16.13.0"
  resolved "https://registry.npm.taobao.org/react-dom/download/react-dom-16.13.0.tgz?cache=0&sync_timestamp=1582748421207&other_urls=https%3A%2F%2Fregistry.npm.taobao.org%2Freact-dom%2Fdownload%2Freact-dom-16.13.0.tgz#cdde54b48eb9e8a0ca1b3dc9943d9bb409b81866"
  integrity sha1-zd5UtI656KDKGz3JlD2btAm4GGY=
  dependencies:
    loose-envify "^1.1.0"
    object-assign "^4.1.1"
    prop-types "^15.6.2"
    scheduler "^0.19.0"

react-is@^16.8.1:
  version "16.13.0"
  resolved "https://registry.npm.taobao.org/react-is/download/react-is-16.13.0.tgz#0f37c3613c34fe6b37cd7f763a0d6293ab15c527"
  integrity sha1-DzfDYTw0/ms3zX92Og1ik6sVxSc=

react@^16.13.0:
  version "16.13.0"
  resolved "https://registry.npm.taobao.org/react/download/react-16.13.0.tgz?cache=0&other_urls=https%3A%2F%2Fregistry.npm.taobao.org%2Freact%2Fdownload%2Freact-16.13.0.tgz#d046eabcdf64e457bbeed1e792e235e1b9934cf7"
  integrity sha1-0EbqvN9k5Fe77tHnkuI14bmTTPc=
  dependencies:
    loose-envify "^1.1.0"
    object-assign "^4.1.1"
    prop-types "^15.6.2"

scheduler@^0.19.0:
  version "0.19.0"
  resolved "https://registry.npm.taobao.org/scheduler/download/scheduler-0.19.0.tgz#a715d56302de403df742f4a9be11975b32f5698d"
  integrity sha1-pxXVYwLeQD33QvSpvhGXWzL1aY0=
  dependencies:
    loose-envify "^1.1.0"
    object-assign "^4.1.1"
